{
  "name": "nevertest",
  "version": "1.0.0",
  "lockfileVersion": 3,
  "requires": true,
  "packages": {
    "": {
      "name": "nevertest",
      "version": "1.0.0",
      "license": "UNLICENSED",
      "dependencies": {
        "@quenty/binder": "^14.25.6",
        "@quenty/blend": "^12.22.6",
        "@quenty/brio": "^14.20.4",
        "@quenty/clienttranslator": "^14.23.6",
        "@quenty/cmdrservice": "^13.29.7",
        "@quenty/ik": "^15.35.3",
        "@quenty/loader": "^10.9.0",
        "@quenty/maid": "^3.5.0",
        "@quenty/ragdoll": "^15.34.3",
        "@quenty/rx": "^13.20.3",
        "@quenty/servicebag": "^11.13.3"
      }
    },
    "node_modules/@quenty/acceltween": {
      "version": "2.5.3",
      "resolved": "https://registry.npmjs.org/@quenty/acceltween/-/acceltween-2.5.3.tgz",
      "integrity": "sha512-RVvhySEzdB7WS3PSZWmPjHAzdzxmnf8XsOSpKWMxtdxB2sd7SKZNuUpsIvkq5CbcE+dGCo+Qjgij4zOus1ZpyA==",
      "funding": {
        "type": "patreon",
        "url": "https://www.patreon.com/quenty"
      }
    },
    "node_modules/@quenty/adorneedata": {
      "version": "7.22.6",
      "resolved": "https://registry.npmjs.org/@quenty/adorneedata/-/adorneedata-7.22.6.tgz",
      "integrity": "sha512-fKeWcYkdGnnCK1ppoEPdIpKpoDdMt4EeuyV9/UQz9H1l/xzvA0xHr5AH1d6ygCPjBrsX79XjGlaMGCcp6Ycigw==",
      "dependencies": {
        "@quenty/attributeutils": "^14.20.5",
        "@quenty/defaultvalueutils": "^1.2.2",
        "@quenty/ducktype": "^5.9.0",
        "@quenty/loader": "^10.9.0",
        "@quenty/rx": "^13.20.3",
        "@quenty/rxsignal": "^7.20.3",
        "@quenty/table": "^3.8.0",
        "@quenty/valueobject": "^13.21.6",
        "@quentystudios/t": "^3.0.0"
      },
      "funding": {
        "type": "patreon",
        "url": "https://www.patreon.com/quenty"
      }
    },
    "node_modules/@quenty/attributeutils": {
      "version": "14.20.5",
      "resolved": "https://registry.npmjs.org/@quenty/attributeutils/-/attributeutils-14.20.5.tgz",
      "integrity": "sha512-W/CBYpjLdqCMzO0haOqzn8Ksmi312PxZujs7io5c6mwDiAyjCM6eR4a65fxfAi3qayX1IdFkQ3Nm1tS3FY8dFQ==",
      "dependencies": {
        "@quenty/baseobject": "^10.9.0",
        "@quenty/brio": "^14.20.4",
        "@quenty/canceltoken": "^11.13.3",
        "@quenty/loader": "^10.9.0",
        "@quenty/maid": "^3.5.0",
        "@quenty/promise": "^10.12.3",
        "@quenty/rx": "^13.20.3",
        "@quenty/rxsignal": "^7.20.3",
        "@quenty/symbol": "^3.5.0"
      },
      "funding": {
        "type": "patreon",
        "url": "https://www.patreon.com/quenty"
      }
    },
    "node_modules/@quenty/baseobject": {
      "version": "10.9.0",
      "resolved": "https://registry.npmjs.org/@quenty/baseobject/-/baseobject-10.9.0.tgz",
      "integrity": "sha512-aXlonh4bNYPKr5WWlI4c70mq4qFPz/RGu1fr5gF0eux6WRrgsWGCffeqU8j29IOCQDi/zS3mMMPfmquqSCpN7w==",
      "dependencies": {
        "@quenty/loader": "^10.9.0",
        "@quenty/maid": "^3.5.0"
      },
      "funding": {
        "type": "patreon",
        "url": "https://www.patreon.com/quenty"
      }
    },
    "node_modules/@quenty/binarysearch": {
      "version": "2.3.0",
      "resolved": "https://registry.npmjs.org/@quenty/binarysearch/-/binarysearch-2.3.0.tgz",
      "integrity": "sha512-23Zs7id7nBLgg3ixDr2nsS5R6YeHvFlKwzFgjs4yy3iS00KJ2I67De9WHAvZZA23yVbw5OmxhOdgvXxDVbYG4g==",
      "funding": {
        "type": "patreon",
        "url": "https://www.patreon.com/quenty"
      }
    },
    "node_modules/@quenty/binder": {
      "version": "14.25.6",
      "resolved": "https://registry.npmjs.org/@quenty/binder/-/binder-14.25.6.tgz",
      "integrity": "sha512-bhF4CX8n8HTkO3IMFCijqbJS5xQ9M9E51U5Osg+gbov397Mha17EnZeCOumzMD+zZWLULCPO2ew2jLyqlxhhtQ==",
      "dependencies": {
        "@quenty/baseobject": "^10.9.0",
        "@quenty/brio": "^14.20.4",
        "@quenty/canceltoken": "^11.13.3",
        "@quenty/instanceutils": "^13.20.5",
        "@quenty/linkutils": "^13.20.5",
        "@quenty/loader": "^10.9.0",
        "@quenty/maid": "^3.5.0",
        "@quenty/promise": "^10.12.3",
        "@quenty/rx": "^13.20.3",
        "@quenty/signal": "^7.11.2",
        "@quenty/table": "^3.8.0",
        "@quenty/valueobject": "^13.21.6"
      },
      "funding": {
        "type": "patreon",
        "url": "https://www.patreon.com/quenty"
      }
    },
    "node_modules/@quenty/blend": {
      "version": "12.22.6",
      "resolved": "https://registry.npmjs.org/@quenty/blend/-/blend-12.22.6.tgz",
      "integrity": "sha512-HUFy5Xva1e65NjcUwOGv2jnAvhGT7Q0kc2PnPRFWjyvtEMIRp/AGAahT/V/vIU2Q5WSptAjPkVJP3hRuuYThfw==",
      "dependencies": {
        "@quenty/acceltween": "^2.5.3",
        "@quenty/brio": "^14.20.4",
        "@quenty/ducktype": "^5.9.0",
        "@quenty/instanceutils": "^13.20.5",
        "@quenty/loader": "^10.9.0",
        "@quenty/maid": "^3.5.0",
        "@quenty/promise": "^10.12.3",
        "@quenty/rx": "^13.20.3",
        "@quenty/signal": "^7.11.2",
        "@quenty/spring": "^10.9.1",
        "@quenty/steputils": "^3.6.0",
        "@quenty/string": "^3.3.3",
        "@quenty/uiobjectutils": "^6.19.5",
        "@quenty/valuebaseutils": "^13.20.6",
        "@quenty/valueobject": "^13.21.6"
      },
      "funding": {
        "type": "patreon",
        "url": "https://www.patreon.com/quenty"
      }
    },
    "node_modules/@quenty/brio": {
      "version": "14.20.4",
      "resolved": "https://registry.npmjs.org/@quenty/brio/-/brio-14.20.4.tgz",
      "integrity": "sha512-+mHbdL5pnXh4xtyZJgJfqoGqog7yj+qHjUoxwkJ4AwBGTW3yHbHnClXClp9FKswV/reZorOl6dHuWSizMGXW+g==",
      "dependencies": {
        "@quenty/loader": "^10.9.0",
        "@quenty/maid": "^3.5.0",
        "@quenty/rx": "^13.20.3",
        "@quenty/signal": "^7.11.2",
        "@quenty/steputils": "^3.6.0",
        "@quenty/table": "^3.8.0"
      },
      "funding": {
        "type": "patreon",
        "url": "https://www.patreon.com/quenty"
      }
    },
    "node_modules/@quenty/camera": {
      "version": "14.26.6",
      "resolved": "https://registry.npmjs.org/@quenty/camera/-/camera-14.26.6.tgz",
      "integrity": "sha512-2UwZya7MGwseK1MMbtNMmxpn0384bd2lpzPclT6Iq7dXYaPyoVmfZD+Vo/HQkAjSE9wsD5JhkJjPPXGZ7VVvBw==",
      "dependencies": {
        "@quenty/acceltween": "^2.5.3",
        "@quenty/baseobject": "^10.9.0",
        "@quenty/cframeutils": "^5.5.4",
        "@quenty/cubicspline": "^10.9.0",
        "@quenty/draw": "^7.9.2",
        "@quenty/ducktype": "^5.9.0",
        "@quenty/inputobjectutils": "^4.21.4",
        "@quenty/loader": "^10.9.0",
        "@quenty/maid": "^3.5.0",
        "@quenty/math": "^2.7.3",
        "@quenty/qframe": "^10.12.4",
        "@quenty/rx": "^13.20.3",
        "@quenty/servicebag": "^11.13.3",
        "@quenty/spring": "^10.9.1",
        "@quenty/valueobject": "^13.21.6",
        "@quenty/vector3utils": "^10.9.0"
      },
      "funding": {
        "type": "patreon",
        "url": "https://www.patreon.com/quenty"
      }
    },
    "node_modules/@quenty/cancellabledelay": {
      "version": "3.6.0",
      "resolved": "https://registry.npmjs.org/@quenty/cancellabledelay/-/cancellabledelay-3.6.0.tgz",
      "integrity": "sha512-IMjBMxIcu2uyGVM4snQ+/XkWI8EACidHaT+BPazbnaQm8rBRce2sBqvh3H3k+/2kkrhvuvdFt7LmSX2MDnHv2g==",
      "funding": {
        "type": "patreon",
        "url": "https://www.patreon.com/quenty"
      }
    },
    "node_modules/@quenty/canceltoken": {
      "version": "11.13.3",
      "resolved": "https://registry.npmjs.org/@quenty/canceltoken/-/canceltoken-11.13.3.tgz",
      "integrity": "sha512-6Xoup1lzL1ULtW1WuZ8GojpJDEaD4PN/+aO9c68z7AgCtcmCToClxjd6sVAZQQ/BfIjeSeW3fYZT9se3THX3Fw==",
      "dependencies": {
        "@quenty/ducktype": "^5.9.0",
        "@quenty/loader": "^10.9.0",
        "@quenty/maid": "^3.5.0",
        "@quenty/promise": "^10.12.3",
        "@quenty/signal": "^7.11.2"
      },
      "funding": {
        "type": "patreon",
        "url": "https://www.patreon.com/quenty"
      }
    },
    "node_modules/@quenty/cframeutils": {
      "version": "5.5.4",
      "resolved": "https://registry.npmjs.org/@quenty/cframeutils/-/cframeutils-5.5.4.tgz",
      "integrity": "sha512-+EwfAAhFmEK+AJgX8tUEZUecUG4ubV3EZLzYBsJLkqSBexjN4NVbA9Mz8DN9iaq2V5tllyTZWB1nuOVZpkEwrA==",
      "funding": {
        "type": "patreon",
        "url": "https://www.patreon.com/quenty"
      }
    },
    "node_modules/@quenty/characterutils": {
      "version": "12.22.5",
      "resolved": "https://registry.npmjs.org/@quenty/characterutils/-/characterutils-12.22.5.tgz",
      "integrity": "sha512-wA9fyoKyrj+IMUG2V8Fweo+8UMzv9KYrqW4NZRhMghTz7gg6Xq9BDrFjOfQfync/g1QnXs7Obs04lGYHRMEBDg==",
      "dependencies": {
        "@quenty/brio": "^14.20.4",
        "@quenty/deferred": "^2.3.0",
        "@quenty/instanceutils": "^13.20.5",
        "@quenty/loader": "^10.9.0",
        "@quenty/maid": "^3.5.0",
        "@quenty/promise": "^10.12.3",
        "@quenty/rx": "^13.20.3"
      },
      "funding": {
        "type": "patreon",
        "url": "https://www.patreon.com/quenty"
      }
    },
    "node_modules/@quenty/clienttranslator": {
      "version": "14.23.6",
      "resolved": "https://registry.npmjs.org/@quenty/clienttranslator/-/clienttranslator-14.23.6.tgz",
      "integrity": "sha512-gHm1D2Ms/d4PnIAFWumOcvGuR0kMl2iXlAIALcRW4AhXzVQ6DdjoyD7apRI9tBEMAHyXBOiBAczGhDw03CsVnQ==",
      "dependencies": {
        "@quenty/blend": "^12.22.6",
        "@quenty/instanceutils": "^13.20.5",
        "@quenty/loader": "^10.9.0",
        "@quenty/maid": "^3.5.0",
        "@quenty/promise": "^10.12.3",
        "@quenty/promisemaid": "^5.12.3",
        "@quenty/pseudolocalize": "^3.5.0",
        "@quenty/rx": "^13.20.3",
        "@quenty/servicebag": "^11.13.3",
        "@quenty/string": "^3.3.3",
        "@quenty/table": "^3.8.0",
        "@quenty/valueobject": "^13.21.6"
      },
      "funding": {
        "type": "patreon",
        "url": "https://www.patreon.com/quenty"
      }
    },
    "node_modules/@quenty/cmdrservice": {
      "version": "13.29.7",
      "resolved": "https://registry.npmjs.org/@quenty/cmdrservice/-/cmdrservice-13.29.7.tgz",
      "integrity": "sha512-7CZ0j5DQRTuerAzxR+wwicD9LyJ46Ge5Z/WkmOTFOzuzpE84JRm5WCBcTmXafsZ8hcklDDYvK+KJ/QaVUtFKGQ==",
      "dependencies": {
        "@quenty/loader": "^10.9.0",
        "@quenty/maid": "^3.5.0",
        "@quenty/permissionprovider": "^14.24.7",
        "@quenty/promise": "^10.12.3",
        "@quenty/remoting": "^12.21.5",
        "@quenty/servicebag": "^11.13.3",
        "@quenty/string": "^3.3.3",
        "@quenty/templateprovider": "^11.23.6",
        "@quentystudios/cmdr": "^1.12.0-quenty.0"
      },
      "funding": {
        "type": "patreon",
        "url": "https://www.patreon.com/quenty"
      }
    },
    "node_modules/@quenty/collectionserviceutils": {
      "version": "8.21.4",
      "resolved": "https://registry.npmjs.org/@quenty/collectionserviceutils/-/collectionserviceutils-8.21.4.tgz",
      "integrity": "sha512-b7RIQJcf4jVDWJty43V+8WtVOguRfKfAUz0H1N6hh7KhxlQAArE53h8myL95qbvZg57MmCnu+bqATFf9nDycIw==",
      "dependencies": {
        "@quenty/brio": "^14.20.4",
        "@quenty/loader": "^10.9.0",
        "@quenty/maid": "^3.5.0",
        "@quenty/rx": "^13.20.3"
      },
      "funding": {
        "type": "patreon",
        "url": "https://www.patreon.com/quenty"
      }
    },
    "node_modules/@quenty/cubicspline": {
      "version": "10.9.0",
      "resolved": "https://registry.npmjs.org/@quenty/cubicspline/-/cubicspline-10.9.0.tgz",
      "integrity": "sha512-UHfRWhVbVGEdWGUhtE1rM3Puz9Hn5FnSca08r9C8CP/XR/tai09G4blwP/A9OhUSBQR0YuVYSC0PKa2h76Q27g==",
      "dependencies": {
        "@quenty/binarysearch": "^2.3.0",
        "@quenty/linearsystemssolver": "^2.3.0",
        "@quenty/loader": "^10.9.0"
      },
      "funding": {
        "type": "patreon",
        "url": "https://www.patreon.com/quenty"
      }
    },
    "node_modules/@quenty/defaultvalueutils": {
      "version": "1.2.2",
      "resolved": "https://registry.npmjs.org/@quenty/defaultvalueutils/-/defaultvalueutils-1.2.2.tgz",
      "integrity": "sha512-INGB+3NZX1b//O2NWQX6XB5vAkph7eVoB6Rtb2BK9G7jdbvywIaFudJnfTgGt3n9Pp7T8tmVPMA993LlTlHsqg==",
      "funding": {
        "type": "patreon",
        "url": "https://www.patreon.com/quenty"
      }
    },
    "node_modules/@quenty/deferred": {
      "version": "2.3.0",
      "resolved": "https://registry.npmjs.org/@quenty/deferred/-/deferred-2.3.0.tgz",
      "integrity": "sha512-KuLtPIgj+fA95QK5G0pTezBNJvSMdaRhm40O0iDr08JSdEKG8Xm3Ua4H9bexcmuXb8bbEsV3Dahs/1SrxZbr9g==",
      "funding": {
        "type": "patreon",
        "url": "https://www.patreon.com/quenty"
      }
    },
    "node_modules/@quenty/draw": {
      "version": "7.9.2",
      "resolved": "https://registry.npmjs.org/@quenty/draw/-/draw-7.9.2.tgz",
      "integrity": "sha512-Yd2n4P6yniIDD+sstubKP/fUQozIL4fo/uJYZ6+dQr1oJk5i06Gr344SIQbtHLqOiBiBkc61RM3RINOQLUNhzw==",
      "dependencies": {
        "@quenty/loader": "^10.9.0",
        "@quenty/maid": "^3.5.0"
      },
      "funding": {
        "type": "patreon",
        "url": "https://www.patreon.com/quenty"
      }
    },
    "node_modules/@quenty/ducktype": {
      "version": "5.9.0",
      "resolved": "https://registry.npmjs.org/@quenty/ducktype/-/ducktype-5.9.0.tgz",
      "integrity": "sha512-+TvZHoiYQY+sflgS63mQ5C2or7Io6iYquWddk9OcOcjirKK9BkKcz1AlFY438XDzsS+7rO5dMp1FCRcihMQx6g==",
      "dependencies": {
        "@quenty/loader": "^10.9.0"
      },
      "funding": {
        "type": "patreon",
        "url": "https://www.patreon.com/quenty"
      }
    },
    "node_modules/@quenty/enumutils": {
      "version": "3.4.2",
      "resolved": "https://registry.npmjs.org/@quenty/enumutils/-/enumutils-3.4.2.tgz",
      "integrity": "sha512-Q4/DIevzbtKef3ozhzgk36wo+tUHQfUsFQrQKNu6J1BY0gVG7Kk55nADiH8Ha37bux+p637ul5/82YAUckebHA==",
      "funding": {
        "type": "patreon",
        "url": "https://www.patreon.com/quenty"
      }
    },
    "node_modules/@quenty/grouputils": {
      "version": "10.12.4",
      "resolved": "https://registry.npmjs.org/@quenty/grouputils/-/grouputils-10.12.4.tgz",
      "integrity": "sha512-RnYA1wBt3vk7Xq5/pSpX6WoVKo2L144ImjtgJjrydHKvIQCB1zdt6B4XBKCVNgenLfvFBrZ5HYw545Nw6xLF7w==",
      "dependencies": {
        "@quenty/loader": "^10.9.0",
        "@quenty/promise": "^10.12.3"
      },
      "funding": {
        "type": "patreon",
        "url": "https://www.patreon.com/quenty"
      }
    },
    "node_modules/@quenty/hapticfeedbackutils": {
      "version": "3.3.0",
      "resolved": "https://registry.npmjs.org/@quenty/hapticfeedbackutils/-/hapticfeedbackutils-3.3.0.tgz",
      "integrity": "sha512-l/YvsvyqCQyoVlJXSENpJx1FaYaLE4w79rFOoJbsPxKntsunC3s3QMZU8q9QNafpXFDclp4PUwt3q/ehsRT2PA==",
      "funding": {
        "type": "patreon",
        "url": "https://www.patreon.com/quenty"
      }
    },
    "node_modules/@quenty/humanoidtracker": {
      "version": "13.21.6",
      "resolved": "https://registry.npmjs.org/@quenty/humanoidtracker/-/humanoidtracker-13.21.6.tgz",
      "integrity": "sha512-t/FxCiTE/cqJ8qCMbpfxhG+bqbTtNXSDC/Rl2AcwWPuOCk5PteFNdcOYQgIh+18m+U/A7kZwnumRxSOlN9sKGw==",
      "dependencies": {
        "@quenty/baseobject": "^10.9.0",
        "@quenty/brio": "^14.20.4",
        "@quenty/loader": "^10.9.0",
        "@quenty/maid": "^3.5.0",
        "@quenty/promise": "^10.12.3",
        "@quenty/rx": "^13.20.3",
        "@quenty/signal": "^7.11.2",
        "@quenty/valueobject": "^13.21.6"
      },
      "funding": {
        "type": "patreon",
        "url": "https://www.patreon.com/quenty"
      }
    },
    "node_modules/@quenty/ik": {
      "version": "15.35.3",
      "resolved": "https://registry.npmjs.org/@quenty/ik/-/ik-15.35.3.tgz",
      "integrity": "sha512-bzAWidL0GVgcqO8nMvlsEDRT/PnPhZ5K0GuRTOFgTe02RX62et6+uV2hrVTAm2iAErWv359v82khsY+SmfeCCA==",
      "dependencies": {
        "@quenty/acceltween": "^2.5.3",
        "@quenty/baseobject": "^10.9.0",
        "@quenty/binder": "^14.25.6",
        "@quenty/brio": "^14.20.4",
        "@quenty/camera": "^14.26.6",
        "@quenty/characterutils": "^12.22.5",
        "@quenty/humanoidtracker": "^13.21.6",
        "@quenty/instanceutils": "^13.20.5",
        "@quenty/loader": "^10.9.0",
        "@quenty/maid": "^3.5.0",
        "@quenty/math": "^2.7.3",
        "@quenty/motor6d": "^7.28.6",
        "@quenty/optional": "^11.9.0",
        "@quenty/promise": "^10.12.3",
        "@quenty/qframe": "^10.12.4",
        "@quenty/r15utils": "^13.21.5",
        "@quenty/ragdoll": "^15.34.3",
        "@quenty/remoting": "^12.21.5",
        "@quenty/rx": "^13.20.3",
        "@quenty/servicebag": "^11.13.3",
        "@quenty/signal": "^7.11.2",
        "@quenty/table": "^3.8.0",
        "@quenty/tie": "^10.26.6",
        "@quenty/valueobject": "^13.21.6"
      },
      "funding": {
        "type": "patreon",
        "url": "https://www.patreon.com/quenty"
      }
    },
    "node_modules/@quenty/inputobjectutils": {
      "version": "4.21.4",
      "resolved": "https://registry.npmjs.org/@quenty/inputobjectutils/-/inputobjectutils-4.21.4.tgz",
      "integrity": "sha512-WH4EsC3kRFW6yxLelFRf6fEZjUXeGKaGZOKSLrEhLac17V6iqxViwvC4tiTTaYP5q63uxp8X7QsUCsgcCpfiEg==",
      "dependencies": {
        "@quenty/baseobject": "^10.9.0",
        "@quenty/loader": "^10.9.0",
        "@quenty/maid": "^3.5.0",
        "@quenty/rx": "^13.20.3",
        "@quenty/rxsignal": "^7.20.3"
      },
      "funding": {
        "type": "patreon",
        "url": "https://www.patreon.com/quenty"
      }
    },
    "node_modules/@quenty/insertserviceutils": {
      "version": "10.12.3",
      "resolved": "https://registry.npmjs.org/@quenty/insertserviceutils/-/insertserviceutils-10.12.3.tgz",
      "integrity": "sha512-PrMOnXG8AtHO/A0onbJWulmie3gAOm8V9y9KYdVnqdO2iaBcNcmXkCQZcSDNdlJ+Ewqr1BmKosfdtGY6eb90ow==",
      "dependencies": {
        "@quenty/loader": "^10.9.0",
        "@quenty/promise": "^10.12.3"
      },
      "funding": {
        "type": "patreon",
        "url": "https://www.patreon.com/quenty"
      }
    },
    "node_modules/@quenty/instanceutils": {
      "version": "13.20.5",
      "resolved": "https://registry.npmjs.org/@quenty/instanceutils/-/instanceutils-13.20.5.tgz",
      "integrity": "sha512-P2UHrhv9igOMbegPunnqoD+3tlr7iGgHw51klcBX3wh9d7/bR6JGTLnAkqIrd+rmfC48lZsTrwl2LmWrfQQtyQ==",
      "dependencies": {
        "@quenty/brio": "^14.20.4",
        "@quenty/loader": "^10.9.0",
        "@quenty/maid": "^3.5.0",
        "@quenty/rx": "^13.20.3",
        "@quenty/symbol": "^3.5.0"
      },
      "funding": {
        "type": "patreon",
        "url": "https://www.patreon.com/quenty"
      }
    },
    "node_modules/@quenty/linearsystemssolver": {
      "version": "2.3.0",
      "resolved": "https://registry.npmjs.org/@quenty/linearsystemssolver/-/linearsystemssolver-2.3.0.tgz",
      "integrity": "sha512-pFYt/gJwuRqll/vAWAaUgJlFeWYXHyM7EH4kdprFQ1l/V7w2t2Pjlr3kcxt7IAvLyqdEkVs5Sl2Zui3z0/CzSQ==",
      "funding": {
        "type": "patreon",
        "url": "https://www.patreon.com/quenty"
      }
    },
    "node_modules/@quenty/linkutils": {
      "version": "13.20.5",
      "resolved": "https://registry.npmjs.org/@quenty/linkutils/-/linkutils-13.20.5.tgz",
      "integrity": "sha512-zcX51ly+qaCG8Z5ZXHv1Fdb8JwIWKQG33O+HXqbAzmFO6R1IRKjI5Xek3MNK5p8UNB8bg4kiCGOMVEVqMjchYg==",
      "dependencies": {
        "@quenty/brio": "^14.20.4",
        "@quenty/instanceutils": "^13.20.5",
        "@quenty/loader": "^10.9.0",
        "@quenty/maid": "^3.5.0",
        "@quenty/promise": "^10.12.3",
        "@quenty/rx": "^13.20.3"
      },
      "funding": {
        "type": "patreon",
        "url": "https://www.patreon.com/quenty"
      }
    },
    "node_modules/@quenty/loader": {
      "version": "10.9.0",
      "resolved": "https://registry.npmjs.org/@quenty/loader/-/loader-10.9.0.tgz",
      "integrity": "sha512-NB9l9Mw7t1fNYlCVpKg58Msa0KHgKpBPQGNkNs/4uP/FZv5EJfj/cpzRNg4tdJWTM9E/z5WDzRp90niDiW8Vbw==",
      "funding": {
        "type": "patreon",
        "url": "https://www.patreon.com/quenty"
      }
    },
    "node_modules/@quenty/lrucache": {
      "version": "1.7.0",
      "resolved": "https://registry.npmjs.org/@quenty/lrucache/-/lrucache-1.7.0.tgz",
      "integrity": "sha512-KXHKmX07BjNgkwuAtTjo3npUZeSUPh+P7OFMC+aYsjIZ+I5dEWBp6Jm/eHDjdwkK6tnQdoaFGKneIVbFCRSdNg==",
      "dependencies": {
        "@quenty/loader": "^10.9.0"
      },
      "funding": {
        "type": "patreon",
        "url": "https://www.patreon.com/quenty"
      }
    },
    "node_modules/@quenty/maid": {
      "version": "3.5.0",
      "resolved": "https://registry.npmjs.org/@quenty/maid/-/maid-3.5.0.tgz",
      "integrity": "sha512-8nzpFT3S28UjUQaacPsbquNws6q/dZdilelid7K3uChnDKePvCveU/NdbPbXZ58H26CSAJ97txFvGcPYiwBnJw==",
      "funding": {
        "type": "patreon",
        "url": "https://www.patreon.com/quenty"
      }
    },
    "node_modules/@quenty/math": {
      "version": "2.7.3",
      "resolved": "https://registry.npmjs.org/@quenty/math/-/math-2.7.3.tgz",
      "integrity": "sha512-MdbR9C+mTpBFG2rR3mmgPNOYKzcbAb2qo/s5jab23GWxMV+NhfZroxixAplzKF405LC9Md6/+U1Fd9Ge+Q66qQ==",
      "funding": {
        "type": "patreon",
        "url": "https://www.patreon.com/quenty"
      }
    },
    "node_modules/@quenty/motor6d": {
      "version": "7.28.6",
      "resolved": "https://registry.npmjs.org/@quenty/motor6d/-/motor6d-7.28.6.tgz",
      "integrity": "sha512-xfe2654iE5BD/LaojC+iOd8yJe2nJwd0Q8zelAmdA/4R8ttxioQH+/q/2ZnCQb9E4yr2fQ1HdlSOI2HYJeT62Q==",
      "dependencies": {
        "@quenty/baseobject": "^10.9.0",
        "@quenty/binder": "^14.25.6",
        "@quenty/brio": "^14.20.4",
        "@quenty/cframeutils": "^5.5.4",
        "@quenty/instanceutils": "^13.20.5",
        "@quenty/loader": "^10.9.0",
        "@quenty/maid": "^3.5.0",
        "@quenty/playerhumanoidbinder": "^14.25.6",
        "@quenty/rx": "^13.20.3",
        "@quenty/servicebag": "^11.13.3",
        "@quenty/signal": "^7.11.2",
        "@quenty/spring": "^10.9.1",
        "@quenty/steputils": "^3.6.0",
        "@quenty/symbol": "^3.5.0",
        "@quenty/tie": "^10.26.6",
        "@quenty/valueobject": "^13.21.6"
      },
      "funding": {
        "type": "patreon",
        "url": "https://www.patreon.com/quenty"
      }
    },
    "node_modules/@quenty/observablecollection": {
      "version": "12.24.6",
      "resolved": "https://registry.npmjs.org/@quenty/observablecollection/-/observablecollection-12.24.6.tgz",
      "integrity": "sha512-WkKqrXRh4sXdDdBP8QtHGA7SjOGfR0SMWb/CqZC+uiajJB7mHMOG51l9N2vGrGrRPjVWYytvmWGpjko/gxqoaA==",
      "dependencies": {
        "@quenty/baseobject": "^10.9.0",
        "@quenty/brio": "^14.20.4",
        "@quenty/ducktype": "^5.9.0",
        "@quenty/instanceutils": "^13.20.5",
        "@quenty/loader": "^10.9.0",
        "@quenty/maid": "^3.5.0",
        "@quenty/promise": "^10.12.3",
        "@quenty/rx": "^13.20.3",
        "@quenty/signal": "^7.11.2",
        "@quenty/steputils": "^3.6.0",
        "@quenty/symbol": "^3.5.0",
        "@quenty/table": "^3.8.0",
        "@quenty/valueobject": "^13.21.6"
      },
      "funding": {
        "type": "patreon",
        "url": "https://www.patreon.com/quenty"
      }
    },
    "node_modules/@quenty/optional": {
      "version": "11.9.0",
      "resolved": "https://registry.npmjs.org/@quenty/optional/-/optional-11.9.0.tgz",
      "integrity": "sha512-52tWz/VMQ7vGyb7HU47bV/4Of3oXE1X+HzfnvdbaEy+bpwveeVnEHIRLKc/xpiEQXSMDuyvM/28lNMP9GAyEnA==",
      "dependencies": {
        "@quenty/loader": "^10.9.0"
      },
      "funding": {
        "type": "patreon",
        "url": "https://www.patreon.com/quenty"
      }
    },
    "node_modules/@quenty/permissionprovider": {
      "version": "14.24.7",
      "resolved": "https://registry.npmjs.org/@quenty/permissionprovider/-/permissionprovider-14.24.7.tgz",
      "integrity": "sha512-Ge3iXX2U1KjJ/F/iYaojth0T+/gzJ/p+RqjLbACNc+AzYPpW/4FJdP43EINiHeNdJGrBojxVgBh3QCnL//gOEQ==",
      "dependencies": {
        "@quenty/baseobject": "^10.9.0",
        "@quenty/brio": "^14.20.4",
        "@quenty/grouputils": "^10.12.4",
        "@quenty/loader": "^10.9.0",
        "@quenty/maid": "^3.5.0",
        "@quenty/playerutils": "^8.21.6",
        "@quenty/promise": "^10.12.3",
        "@quenty/remoting": "^12.21.5",
        "@quenty/rx": "^13.20.3",
        "@quenty/servicebag": "^11.13.3",
        "@quenty/table": "^3.8.0"
      },
      "funding": {
        "type": "patreon",
        "url": "https://www.patreon.com/quenty"
      }
    },
    "node_modules/@quenty/physicsutils": {
      "version": "8.20.3",
      "resolved": "https://registry.npmjs.org/@quenty/physicsutils/-/physicsutils-8.20.3.tgz",
      "integrity": "sha512-rlw0P5GeOhHGJDOy81J77QBujet81eJ1ucdf/3QIPp9c1GbXE6cTX4GmknT1RZqb4r1rR15z7SthRZcw4Mmvzw==",
      "dependencies": {
        "@quenty/loader": "^10.9.0",
        "@quenty/maid": "^3.5.0",
        "@quenty/rx": "^13.20.3"
      },
      "funding": {
        "type": "patreon",
        "url": "https://www.patreon.com/quenty"
      }
    },
    "node_modules/@quenty/playerhumanoidbinder": {
      "version": "14.25.6",
      "resolved": "https://registry.npmjs.org/@quenty/playerhumanoidbinder/-/playerhumanoidbinder-14.25.6.tgz",
      "integrity": "sha512-msPjBznUm6B1tCXsoNE/lCpUKe+eDHSQFWrz40UNDraqS6hmwG/W7PsUVGvicsO/q3+OVIMBi3momUIvN6QLzg==",
      "dependencies": {
        "@quenty/binder": "^14.25.6",
        "@quenty/humanoidtracker": "^13.21.6",
        "@quenty/loader": "^10.9.0",
        "@quenty/maid": "^3.5.0",
        "@quenty/servicebag": "^11.13.3",
        "@quenty/valueobject": "^13.21.6"
      },
      "funding": {
        "type": "patreon",
        "url": "https://www.patreon.com/quenty"
      }
    },
    "node_modules/@quenty/playerutils": {
      "version": "8.21.6",
      "resolved": "https://registry.npmjs.org/@quenty/playerutils/-/playerutils-8.21.6.tgz",
      "integrity": "sha512-hGi5lHtbZKrqN5tTY+DyFynSVMw2XeYXqAd53h8leOsYI2lCel+7V/VBsGP/Q5pdvF3ypARWSAC/W57I/188Zg==",
      "dependencies": {
        "@quenty/brio": "^14.20.4",
        "@quenty/characterutils": "^12.22.5",
        "@quenty/instanceutils": "^13.20.5",
        "@quenty/loader": "^10.9.0",
        "@quenty/maid": "^3.5.0",
        "@quenty/promise": "^10.12.3",
        "@quenty/rx": "^13.20.3"
      },
      "funding": {
        "type": "patreon",
        "url": "https://www.patreon.com/quenty"
      }
    },
    "node_modules/@quenty/promise": {
      "version": "10.12.3",
      "resolved": "https://registry.npmjs.org/@quenty/promise/-/promise-10.12.3.tgz",
      "integrity": "sha512-9sEK8AF4bNirYVyoF/Tb7PIP5WvlHMiEuq5XsD1Da0YzU195CODuTECr7NgKyNsGv9EcMTUoAaw6WTKWOSnSYQ==",
      "dependencies": {
        "@quenty/deferred": "^2.3.0",
        "@quenty/loader": "^10.9.0",
        "@quenty/maid": "^3.5.0",
        "@quenty/math": "^2.7.3",
        "@quenty/signal": "^7.11.2"
      },
      "funding": {
        "type": "patreon",
        "url": "https://www.patreon.com/quenty"
      }
    },
    "node_modules/@quenty/promisemaid": {
      "version": "5.12.3",
      "resolved": "https://registry.npmjs.org/@quenty/promisemaid/-/promisemaid-5.12.3.tgz",
      "integrity": "sha512-Jw3iowRdR3VuVLz0yqfEiFZyXn/DpQPcaRNwJIOyUrbY+fpzSb+USChg4RGbHDAkSlO5oAguUpweEvwz2Eoj9g==",
      "dependencies": {
        "@quenty/loader": "^10.9.0",
        "@quenty/maid": "^3.5.0",
        "@quenty/promise": "^10.12.3"
      },
      "funding": {
        "type": "patreon",
        "url": "https://www.patreon.com/quenty"
      }
    },
    "node_modules/@quenty/pseudolocalize": {
      "version": "3.5.0",
      "resolved": "https://registry.npmjs.org/@quenty/pseudolocalize/-/pseudolocalize-3.5.0.tgz",
      "integrity": "sha512-kzeDafA+8WVq2wyu++mKKNltv/YnhyCLt+odZCNbAkydE1Quj7jHC+9gLEyH3OuWfkSxIQopw/6Qr320C1xSQg==",
      "funding": {
        "type": "patreon",
        "url": "https://www.patreon.com/quenty"
      }
    },
    "node_modules/@quenty/qframe": {
      "version": "10.12.4",
      "resolved": "https://registry.npmjs.org/@quenty/qframe/-/qframe-10.12.4.tgz",
      "integrity": "sha512-0/ajzwIvHxF3RJJxmtIWeJJ6cVL1Xia109WznakaYFYyPa2ELXTriW22pizheFKz8AGL6YAkFCMp52ZABIZJHg==",
      "dependencies": {
        "@quenty/loader": "^10.9.0"
      },
      "funding": {
        "type": "patreon",
        "url": "https://www.patreon.com/quenty"
      }
    },
    "node_modules/@quenty/r15utils": {
      "version": "13.21.5",
      "resolved": "https://registry.npmjs.org/@quenty/r15utils/-/r15utils-13.21.5.tgz",
      "integrity": "sha512-dyhLcjMJoHR3CngPuR/Vyh73z6PC8v4PwQyY5ccqzcJHyaT1zb+XNMTjFWktEmM+9khiyh3mfwHMLCA75OCjeQ==",
      "dependencies": {
        "@quenty/brio": "^14.20.4",
        "@quenty/instanceutils": "^13.20.5",
        "@quenty/loader": "^10.9.0",
        "@quenty/rx": "^13.20.3"
      },
      "funding": {
        "type": "patreon",
        "url": "https://www.patreon.com/quenty"
      }
    },
    "node_modules/@quenty/ragdoll": {
      "version": "15.34.3",
      "resolved": "https://registry.npmjs.org/@quenty/ragdoll/-/ragdoll-15.34.3.tgz",
      "integrity": "sha512-ayjxtiY8VgGCH+sbvEzixvLdXmIq745WUSPRFUB0ucSZrotEb5I+53K6wdVdR2FwuxbrcqslPO4r5/NFNpWsCg==",
      "dependencies": {
        "@quenty/adorneedata": "^7.22.6",
        "@quenty/attributeutils": "^14.20.5",
        "@quenty/baseobject": "^10.9.0",
        "@quenty/binder": "^14.25.6",
        "@quenty/brio": "^14.20.4",
        "@quenty/camera": "^14.26.6",
        "@quenty/cancellabledelay": "^3.6.0",
        "@quenty/characterutils": "^12.22.5",
        "@quenty/draw": "^7.9.2",
        "@quenty/enumutils": "^3.4.2",
        "@quenty/hapticfeedbackutils": "^3.3.0",
        "@quenty/instanceutils": "^13.20.5",
        "@quenty/loader": "^10.9.0",
        "@quenty/maid": "^3.5.0",
        "@quenty/motor6d": "^7.28.6",
        "@quenty/physicsutils": "^8.20.3",
        "@quenty/playerhumanoidbinder": "^14.25.6",
        "@quenty/promise": "^10.12.3",
        "@quenty/qframe": "^10.12.4",
        "@quenty/r15utils": "^13.21.5",
        "@quenty/remoting": "^12.21.5",
        "@quenty/rx": "^13.20.3",
        "@quenty/rxbinderutils": "^14.25.6",
        "@quenty/rxsignal": "^7.20.3",
        "@quenty/servicebag": "^11.13.3",
        "@quenty/spring": "^10.9.1",
        "@quenty/steputils": "^3.6.0",
        "@quenty/table": "^3.8.0",
        "@quenty/tie": "^10.26.6",
        "@quenty/valuebaseutils": "^13.20.6",
        "@quenty/valueobject": "^13.21.6"
      },
      "funding": {
        "type": "patreon",
        "url": "https://www.patreon.com/quenty"
      }
    },
    "node_modules/@quenty/remotefunctionutils": {
      "version": "10.12.3",
      "resolved": "https://registry.npmjs.org/@quenty/remotefunctionutils/-/remotefunctionutils-10.12.3.tgz",
      "integrity": "sha512-4VsFnlGMrGsk8qlv23c3QcUof1cR295qd2guW3ZyYUQ9PSCyX4SZ2NxqOYGzPqZPPLI6j2ZISXccZNyQAjEh1g==",
      "dependencies": {
        "@quenty/loader": "^10.9.0",
        "@quenty/promise": "^10.12.3"
      },
      "funding": {
        "type": "patreon",
        "url": "https://www.patreon.com/quenty"
      }
    },
    "node_modules/@quenty/remoting": {
      "version": "12.21.5",
      "resolved": "https://registry.npmjs.org/@quenty/remoting/-/remoting-12.21.5.tgz",
      "integrity": "sha512-MBLmxYc/CzuEjWCs0X3/+GJqNOm15YHuEsuejSbDo64z6mERQgyitzDI8vjHHExokvJNFGFK3iRGQDu5LKHVQQ==",
      "dependencies": {
        "@quenty/baseobject": "^10.9.0",
        "@quenty/brio": "^14.20.4",
        "@quenty/instanceutils": "^13.20.5",
        "@quenty/loader": "^10.9.0",
        "@quenty/maid": "^3.5.0",
        "@quenty/promise": "^10.12.3",
        "@quenty/promisemaid": "^5.12.3",
        "@quenty/remotefunctionutils": "^10.12.3",
        "@quenty/rx": "^13.20.3",
        "@quenty/table": "^3.8.0"
      },
      "funding": {
        "type": "patreon",
        "url": "https://www.patreon.com/quenty"
      }
    },
    "node_modules/@quenty/rx": {
      "version": "13.20.3",
      "resolved": "https://registry.npmjs.org/@quenty/rx/-/rx-13.20.3.tgz",
      "integrity": "sha512-OokRdsVjCYIZWRc4eVNdrRMAsvGVrJPqbp6vOxX8LsLSORrYTl8p6wRbtwWcRoVwk5CzVLT3y0vqQamyz7k1pQ==",
      "dependencies": {
        "@quenty/cancellabledelay": "^3.6.0",
        "@quenty/canceltoken": "^11.13.3",
        "@quenty/ducktype": "^5.9.0",
        "@quenty/loader": "^10.9.0",
        "@quenty/maid": "^3.5.0",
        "@quenty/promise": "^10.12.3",
        "@quenty/signal": "^7.11.2",
        "@quenty/symbol": "^3.5.0",
        "@quenty/table": "^3.8.0",
        "@quenty/throttle": "^10.10.0",
        "@quenty/typeutils": "^1.1.0"
      },
      "funding": {
        "type": "patreon",
        "url": "https://www.patreon.com/quenty"
      }
    },
    "node_modules/@quenty/rxbinderutils": {
      "version": "14.25.6",
      "resolved": "https://registry.npmjs.org/@quenty/rxbinderutils/-/rxbinderutils-14.25.6.tgz",
      "integrity": "sha512-oN/uiPPhB1orFnzwKLG2zPoA8tejQOfW+QkxgYk3uCfVYvl6WGyXefNWQvF4JSlxU5NkgdL9eYkCYjI5ewK5dQ==",
      "dependencies": {
        "@quenty/binder": "^14.25.6",
        "@quenty/brio": "^14.20.4",
        "@quenty/instanceutils": "^13.20.5",
        "@quenty/linkutils": "^13.20.5",
        "@quenty/loader": "^10.9.0",
        "@quenty/maid": "^3.5.0",
        "@quenty/rx": "^13.20.3"
      },
      "funding": {
        "type": "patreon",
        "url": "https://www.patreon.com/quenty"
      }
    },
    "node_modules/@quenty/rxsignal": {
      "version": "7.20.3",
      "resolved": "https://registry.npmjs.org/@quenty/rxsignal/-/rxsignal-7.20.3.tgz",
      "integrity": "sha512-n9NOEPJHQJzNpaykAZ9DRlfKFGJsj43Ex6x/XCQajBqMXAd+WGhaRrURAiMbAc/Nmi6U8vrWRkRomdezMHteqA==",
      "dependencies": {
        "@quenty/loader": "^10.9.0",
        "@quenty/rx": "^13.20.3"
      },
      "funding": {
        "type": "patreon",
        "url": "https://www.patreon.com/quenty"
      }
    },
    "node_modules/@quenty/servicebag": {
      "version": "11.13.3",
      "resolved": "https://registry.npmjs.org/@quenty/servicebag/-/servicebag-11.13.3.tgz",
      "integrity": "sha512-gKVO2HgZowcP6pXcVxhJ7J0Ar/xv/eLyVvvHaFp6DnzML9CnUuI7nwruPZVg9hC+hwyawwrZZUo7SvKyEAQT9Q==",
      "dependencies": {
        "@quenty/baseobject": "^10.9.0",
        "@quenty/loader": "^10.9.0",
        "@quenty/signal": "^7.11.2"
      },
      "funding": {
        "type": "patreon",
        "url": "https://www.patreon.com/quenty"
      }
    },
    "node_modules/@quenty/signal": {
      "version": "7.11.2",
      "resolved": "https://registry.npmjs.org/@quenty/signal/-/signal-7.11.2.tgz",
      "integrity": "sha512-KkPsC242UpLxFXQAROT9q7srOIvO6i9nYvAtr3xtD0DfZkLqiC9U4tnYgMR9dlLpxg3BCjc7S4Bkz3VaJtJ+5A==",
      "dependencies": {
        "@quenty/loader": "^10.9.0"
      },
      "funding": {
        "type": "patreon",
        "url": "https://www.patreon.com/quenty"
      }
    },
    "node_modules/@quenty/spring": {
      "version": "10.9.1",
      "resolved": "https://registry.npmjs.org/@quenty/spring/-/spring-10.9.1.tgz",
      "integrity": "sha512-AmQINMuWnea7HwrStuKK7PYhplNWWJvzQ6Zus9aQfvC0aYhTn17QuySeX3tSLofZYDWP7P69O/+1CJ02AWva4Q==",
      "dependencies": {
        "@quenty/ducktype": "^5.9.0",
        "@quenty/loader": "^10.9.0"
      },
      "funding": {
        "type": "patreon",
        "url": "https://www.patreon.com/quenty"
      }
    },
    "node_modules/@quenty/statestack": {
      "version": "14.22.6",
      "resolved": "https://registry.npmjs.org/@quenty/statestack/-/statestack-14.22.6.tgz",
      "integrity": "sha512-XFyqRecavMwr9lfsfhw3JS9VQH1rYfQxXl9e5R4kTHrm4RhZvxdoJbjhsXCdBw8N4hnF9CqupZwOSk0QRtAZHw==",
      "dependencies": {
        "@quenty/baseobject": "^10.9.0",
        "@quenty/brio": "^14.20.4",
        "@quenty/loader": "^10.9.0",
        "@quenty/maid": "^3.5.0",
        "@quenty/rx": "^13.20.3",
        "@quenty/signal": "^7.11.2",
        "@quenty/valueobject": "^13.21.6"
      },
      "funding": {
        "type": "patreon",
        "url": "https://www.patreon.com/quenty"
      }
    },
    "node_modules/@quenty/steputils": {
      "version": "3.6.0",
      "resolved": "https://registry.npmjs.org/@quenty/steputils/-/steputils-3.6.0.tgz",
      "integrity": "sha512-7E5kQeXnREaPp2BbD/ypoNOvKoENB+kVsA/38htiIJyac/VdKseM9SjxgOWSPQo8llXQWk0knI+XO6t0iZPIeA==",
      "funding": {
        "type": "patreon",
        "url": "https://www.patreon.com/quenty"
      }
    },
    "node_modules/@quenty/string": {
      "version": "3.3.3",
      "resolved": "https://registry.npmjs.org/@quenty/string/-/string-3.3.3.tgz",
      "integrity": "sha512-A6+DUEjmllLjXBDx1VSQEmNOivSE50q619lBrjuJUHbHtEr/A1jdgyy4EM6znC5wOhAVyuUmThbSn53SPpus+A==",
      "funding": {
        "type": "patreon",
        "url": "https://www.patreon.com/quenty"
      }
    },
    "node_modules/@quenty/symbol": {
      "version": "3.5.0",
      "resolved": "https://registry.npmjs.org/@quenty/symbol/-/symbol-3.5.0.tgz",
      "integrity": "sha512-8ngXF9KjE57pTwUrX3gPOttNHa/6vQ8xAdmBfLsP1wPx2e/WyWwd9rr7E3GmfPM8tvuZUUNocePM+oJb4Ccuqg==",
      "funding": {
        "type": "patreon",
        "url": "https://www.patreon.com/quenty"
      }
    },
    "node_modules/@quenty/table": {
      "version": "3.8.0",
      "resolved": "https://registry.npmjs.org/@quenty/table/-/table-3.8.0.tgz",
      "integrity": "sha512-e/jopMNXPPq+gKLHsWWT3S4JBCVeqRFZCcxKiz9jVhlweBtYGo29/pDn8tWaSDOqeupKxnW5L3OUCo/gGkiwgg==",
      "funding": {
        "type": "patreon",
        "url": "https://www.patreon.com/quenty"
      }
    },
    "node_modules/@quenty/templateprovider": {
      "version": "11.23.6",
      "resolved": "https://registry.npmjs.org/@quenty/templateprovider/-/templateprovider-11.23.6.tgz",
      "integrity": "sha512-z0xdAK9Fdy3xWTf0DVA1Ix3J8dLWEAYKxD0GW974NlTkRktcKv456oX5ahuLpQQ5SFadG6o7ji4rht62H+8QQA==",
      "dependencies": {
        "@quenty/baseobject": "^10.9.0",
        "@quenty/brio": "^14.20.4",
        "@quenty/collectionserviceutils": "^8.21.4",
        "@quenty/ducktype": "^5.9.0",
        "@quenty/insertserviceutils": "^10.12.3",
        "@quenty/instanceutils": "^13.20.5",
        "@quenty/loader": "^10.9.0",
        "@quenty/maid": "^3.5.0",
        "@quenty/observablecollection": "^12.24.6",
        "@quenty/promise": "^10.12.3",
        "@quenty/promisemaid": "^5.12.3",
        "@quenty/remoting": "^12.21.5",
        "@quenty/rx": "^13.20.3",
        "@quenty/servicebag": "^11.13.3",
        "@quenty/string": "^3.3.3",
        "@quenty/table": "^3.8.0"
      },
      "funding": {
        "type": "patreon",
        "url": "https://www.patreon.com/quenty"
      }
    },
    "node_modules/@quenty/throttle": {
      "version": "10.10.0",
      "resolved": "https://registry.npmjs.org/@quenty/throttle/-/throttle-10.10.0.tgz",
      "integrity": "sha512-3rCzFsWi6DMQVYA5rzpCGNLU8Fmr/NAbIC0VD3HNb7j5vp3EzQgXbxXRy5QbYUn//x6iRjo05EuLDMLPm0PM4A==",
      "dependencies": {
        "@quenty/loader": "^10.9.0",
        "@quenty/typeutils": "^1.1.0"
      },
      "funding": {
        "type": "patreon",
        "url": "https://www.patreon.com/quenty"
      }
    },
    "node_modules/@quenty/tie": {
      "version": "10.26.6",
      "resolved": "https://registry.npmjs.org/@quenty/tie/-/tie-10.26.6.tgz",
      "integrity": "sha512-VwI/23lm44CxaujIQYvKXJq1brvaivHYAZAwE/AI5uyCVvT/dIOZmq2vjkdZYL+GuIiHT+Xc+FHb/kmVVyQu1w==",
      "dependencies": {
        "@quenty/attributeutils": "^14.20.5",
        "@quenty/baseobject": "^10.9.0",
        "@quenty/brio": "^14.20.4",
        "@quenty/collectionserviceutils": "^8.21.4",
        "@quenty/instanceutils": "^13.20.5",
        "@quenty/loader": "^10.9.0",
        "@quenty/maid": "^3.5.0",
        "@quenty/rx": "^13.20.3",
        "@quenty/rxsignal": "^7.20.3",
        "@quenty/servicebag": "^11.13.3",
        "@quenty/statestack": "^14.22.6",
        "@quenty/string": "^3.3.3",
        "@quenty/symbol": "^3.5.0",
        "@quenty/table": "^3.8.0",
        "@quenty/tuple": "^1.6.0",
        "@quenty/valuebaseutils": "^13.20.6",
        "@quenty/valueobject": "^13.21.6"
      },
      "funding": {
        "type": "patreon",
        "url": "https://www.patreon.com/quenty"
      }
    },
    "node_modules/@quenty/tuple": {
      "version": "1.6.0",
      "resolved": "https://registry.npmjs.org/@quenty/tuple/-/tuple-1.6.0.tgz",
      "integrity": "sha512-Vx6oX5hReFGtdSX21xvCqhnSjneOiMU3knFQOsM7RmR86u4hmdq39r17l+FbPlAsenDzaWlJZdUirEY8d1fNtA==",
      "dependencies": {
        "@quenty/loader": "^10.9.0",
        "@quenty/lrucache": "^1.7.0"
      },
      "funding": {
        "type": "patreon",
        "url": "https://www.patreon.com/quenty"
      }
    },
    "node_modules/@quenty/typeutils": {
      "version": "1.1.0",
      "resolved": "https://registry.npmjs.org/@quenty/typeutils/-/typeutils-1.1.0.tgz",
      "integrity": "sha512-GBSwPmvZIJzQPWdEtIgzQ6zHnV+PraF8U6VYERl7FUZXcfSovxdG4CJXwY9Hs+wHT9KuSHx+GI19KILGiW3P1g==",
      "dependencies": {
        "@quenty/loader": "^10.9.0"
      },
      "funding": {
        "type": "patreon",
        "url": "https://www.patreon.com/quenty"
      }
    },
    "node_modules/@quenty/uiobjectutils": {
      "version": "6.19.5",
      "resolved": "https://registry.npmjs.org/@quenty/uiobjectutils/-/uiobjectutils-6.19.5.tgz",
      "integrity": "sha512-rtUnqbuQ/dJ1WqnHsGdLtyCYL5sdSLUw9nfdmq+ZWBIdEnOanuWdF1ab4JfflkdO+GjLMaSQKtCHucGstOhjlA==",
      "dependencies": {
        "@quenty/brio": "^14.20.4",
        "@quenty/enumutils": "^3.4.2",
        "@quenty/instanceutils": "^13.20.5",
        "@quenty/loader": "^10.9.0",
        "@quenty/rx": "^13.20.3"
      },
      "funding": {
        "type": "patreon",
        "url": "https://www.patreon.com/quenty"
      }
    },
    "node_modules/@quenty/valuebaseutils": {
      "version": "13.20.6",
      "resolved": "https://registry.npmjs.org/@quenty/valuebaseutils/-/valuebaseutils-13.20.6.tgz",
      "integrity": "sha512-3DenqfFeOtHWZ/3DA5Hb4X1HxMkUzAYn/jvH/f4IaLulTrtNH1I1Ol4v5v/TXKK/YNhcvi83laPy76So/qRP3g==",
      "dependencies": {
        "@quenty/brio": "^14.20.4",
        "@quenty/instanceutils": "^13.20.5",
        "@quenty/loader": "^10.9.0",
        "@quenty/promise": "^10.12.3",
        "@quenty/rx": "^13.20.3",
        "@quenty/rxsignal": "^7.20.3"
      },
      "funding": {
        "type": "patreon",
        "url": "https://www.patreon.com/quenty"
      }
    },
    "node_modules/@quenty/valueobject": {
      "version": "13.21.6",
      "resolved": "https://registry.npmjs.org/@quenty/valueobject/-/valueobject-13.21.6.tgz",
      "integrity": "sha512-AV2brheATE8JEUjXstMfW4V/7crGvwMEy9L+9NOGraZAETfW3o2pvefFtSfsWv6i4TmFQWOm9fQyqch7Lax6Eg==",
      "dependencies": {
        "@quenty/brio": "^14.20.4",
        "@quenty/ducktype": "^5.9.0",
        "@quenty/loader": "^10.9.0",
        "@quenty/maid": "^3.5.0",
        "@quenty/rx": "^13.20.3",
        "@quenty/signal": "^7.11.2",
        "@quenty/valuebaseutils": "^13.20.6"
      },
      "funding": {
        "type": "patreon",
        "url": "https://www.patreon.com/quenty"
      }
    },
    "node_modules/@quenty/vector3utils": {
      "version": "10.9.0",
      "resolved": "https://registry.npmjs.org/@quenty/vector3utils/-/vector3utils-10.9.0.tgz",
      "integrity": "sha512-nwyo+nLrHrRumK7LYV96BA00PGi7+OMI3AxjTc5q4TVmVQDqK8RbhOPODshwDIh4l965LfgKywhuM32E1idI5Q==",
      "dependencies": {
        "@quenty/loader": "^10.9.0",
        "@quenty/math": "^2.7.3"
      },
      "funding": {
        "type": "patreon",
        "url": "https://www.patreon.com/quenty"
      }
    },
    "node_modules/@quentystudios/cmdr": {
      "version": "1.12.0-quenty.0",
      "resolved": "https://registry.npmjs.org/@quentystudios/cmdr/-/cmdr-1.12.0-quenty.0.tgz",
      "integrity": "sha512-coxG4bEQ3wskTEiVxbh6hTsOycYoq+8jLtUABvfMURHiS3hgF/0jg3uQArZt0JeY+VvkCIXLHUCFTMMbUQOllA=="
    },
    "node_modules/@quentystudios/t": {
      "version": "3.0.0",
      "resolved": "https://registry.npmjs.org/@quentystudios/t/-/t-3.0.0.tgz",
      "integrity": "sha512-YUBaDzrs69scFgRpzASLOpcvxKho8oaUipyHO+A9z+aRW/ursRhzCXjRtPZ08uoU+fba/cohZuZMMGDMpncg1w=="
    }
  }
}
